
Microsoft Visual Studio Solution File, Format Version 12.00
# Visual Studio Version 17
VisualStudioVersion = 17.3.32819.101
MinimumVisualStudioVersion = 10.0.40219.1
Project("{FAE04EC0-301F-11D3-BF4B-00C04F79EFBC}") = "Blog", "Blog\Blog.csproj", "{7CDD529A-6F84-4E81-AF8E-F50042806FD8}"
EndProject
Global
	GlobalSection(SolutionConfigurationPlatforms) = preSolution
		Debug|Any CPU = Debug|Any CPU
		Release|Any CPU = Release|Any CPU
	EndGlobalSection
	GlobalSection(ProjectConfigurationPlatforms) = postSolution
		{7CDD529A-6F84-4E81-AF8E-F50042806FD8}.Debug|Any CPU.ActiveCfg = Debug|Any CPU
		{7CDD529A-6F84-4E81-AF8E-F50042806FD8}.Debug|Any CPU.Build.0 = Debug|Any CPU
		{7CDD529A-6F84-4E81-AF8E-F50042806FD8}.Release|Any CPU.ActiveCfg = Release|Any CPU
		{7CDD529A-6F84-4E81-AF8E-F50042806FD8}.Release|Any CPU.Build.0 = Release|Any CPU
	EndGlobalSection
	GlobalSection(SolutionProperties) = preSolution
		HideSolutionNode = FALSE
	EndGlobalSection
	GlobalSection(ExtensibilityGlobals) = postSolution
		SolutionGuid = {325AF44B-2D89-413C-8D8B-B5B71532CBF3}
	EndGlobalSection
EndGlobal
